// !$*UTF8*$!
{
	archiveVersion = 1;
	classes = {
	};
	objectVersion = 56;
	objects = {

/* Begin PBXBuildFile section */
		D3A8D716292A8036008262C7 /* AppDelegate.swift in Sources */ = {isa = PBXBuildFile; fileRef = D3A8D715292A8036008262C7 /* AppDelegate.swift */; };
		D3A8D718292A8036008262C7 /* SceneDelegate.swift in Sources */ = {isa = PBXBuildFile; fileRef = D3A8D717292A8036008262C7 /* SceneDelegate.swift */; };
		D3A8D71A292A8036008262C7 /* ViewController.swift in Sources */ = {isa = PBXBuildFile; fileRef = D3A8D719292A8036008262C7 /* ViewController.swift */; };
		D3A8D71D292A8036008262C7 /* Main.storyboard in Resources */ = {isa = PBXBuildFile; fileRef = D3A8D71B292A8036008262C7 /* Main.storyboard */; };
		D3A8D71F292A803C008262C7 /* Assets.xcassets in Resources */ = {isa = PBXBuildFile; fileRef = D3A8D71E292A803C008262C7 /* Assets.xcassets */; };
		D3A8D722292A803C008262C7 /* LaunchScreen.storyboard in Resources */ = {isa = PBXBuildFile; fileRef = D3A8D720292A803C008262C7 /* LaunchScreen.storyboard */; };
		D3B99D39292A8791007BA0FD /* GoogleService-Info.plist in Resources */ = {isa = PBXBuildFile; fileRef = D3B99D38292A8791007BA0FD /* GoogleService-Info.plist */; };
		D3B99D3C292A953E007BA0FD /* FirebaseFirestore in Frameworks */ = {isa = PBXBuildFile; productRef = D3B99D3B292A953E007BA0FD /* FirebaseFirestore */; };
		D3B99D3E292A953E007BA0FD /* FirebaseFirestoreCombine-Community in Frameworks */ = {isa = PBXBuildFile; productRef = D3B99D3D292A953E007BA0FD /* FirebaseFirestoreCombine-Community */; };
		D3B99D40292A953E007BA0FD /* FirebaseFirestoreSwift in Frameworks */ = {isa = PBXBuildFile; productRef = D3B99D3F292A953E007BA0FD /* FirebaseFirestoreSwift */; };
		DC3CE5602129FAA868CFBEC6 /* Pods_FirestoreDemo.framework in Frameworks */ = {isa = PBXBuildFile; fileRef = 082D47A8C7C387885F6CD71C /* Pods_FirestoreDemo.framework */; };
/* End PBXBuildFile section */

/* Begin PBXFileReference section */
		082D47A8C7C387885F6CD71C /* Pods_FirestoreDemo.framework */ = {isa = PBXFileReference; explicitFileType = wrapper.framework; includeInIndex = 0; path = Pods_FirestoreDemo.framework; sourceTree = BUILT_PRODUCTS_DIR; };
		D3A8D712292A8036008262C7 /* FirestoreDemo.app */ = {isa = PBXFileReference; explicitFileType = wrapper.application; includeInIndex = 0; path = FirestoreDemo.app; sourceTree = BUILT_PRODUCTS_DIR; };
		D3A8D715292A8036008262C7 /* AppDelegate.swift */ = {isa = PBXFileReference; lastKnownFileType = sourcecode.swift; path = AppDelegate.swift; sourceTree = "<group>"; };
		D3A8D717292A8036008262C7 /* SceneDelegate.swift */ = {isa = PBXFileReference; lastKnownFileType = sourcecode.swift; path = SceneDelegate.swift; sourceTree = "<group>"; };
		D3A8D719292A8036008262C7 /* ViewController.swift */ = {isa = PBXFileReference; lastKnownFileType = sourcecode.swift; path = ViewController.swift; sourceTree = "<group>"; };
		D3A8D71C292A8036008262C7 /* Base */ = {isa = PBXFileReference; lastKnownFileType = file.storyboard; name = Base; path = Base.lproj/Main.storyboard; sourceTree = "<group>"; };
		D3A8D71E292A803C008262C7 /* Assets.xcassets */ = {isa = PBXFileReference; lastKnownFileType = folder.assetcatalog; path = Assets.xcassets; sourceTree = "<group>"; };
		D3A8D721292A803C008262C7 /* Base */ = {isa = PBXFileReference; lastKnownFileType = file.storyboard; name = Base; path = Base.lproj/LaunchScreen.storyboard; sourceTree = "<group>"; };
		D3A8D723292A803C008262C7 /* Info.plist */ = {isa = PBXFileReference; lastKnownFileType = text.plist.xml; path = Info.plist; sourceTree = "<group>"; };
		D3B99D38292A8791007BA0FD /* GoogleService-Info.plist */ = {isa = PBXFileReference; fileEncoding = 4; lastKnownFileType = text.plist.xml; path = "GoogleService-Info.plist"; sourceTree = "<group>"; };
		D56697AE79ED7C165014B2D0 /* Pods-FirestoreDemo.release.xcconfig */ = {isa = PBXFileReference; includeInIndex = 1; lastKnownFileType = text.xcconfig; name = "Pods-FirestoreDemo.release.xcconfig"; path = "Target Support Files/Pods-FirestoreDemo/Pods-FirestoreDemo.release.xcconfig"; sourceTree = "<group>"; };
		F6266934C20B4EBC4BA9DC12 /* Pods-FirestoreDemo.debug.xcconfig */ = {isa = PBXFileReference; includeInIndex = 1; lastKnownFileType = text.xcconfig; name = "Pods-FirestoreDemo.debug.xcconfig"; path = "Target Support Files/Pods-FirestoreDemo/Pods-FirestoreDemo.debug.xcconfig"; sourceTree = "<group>"; };
/* End PBXFileReference section */

/* Begin PBXFrameworksBuildPhase section */
		D3A8D70F292A8036008262C7 /* Frameworks */ = {
			isa = PBXFrameworksBuildPhase;
			buildActionMask = 2147483647;
			files = (
				D3B99D3E292A953E007BA0FD /* FirebaseFirestoreCombine-Community in Frameworks */,
				DC3CE5602129FAA868CFBEC6 /* Pods_FirestoreDemo.framework in Frameworks */,
				D3B99D3C292A953E007BA0FD /* FirebaseFirestore in Frameworks */,
				D3B99D40292A953E007BA0FD /* FirebaseFirestoreSwift in Frameworks */,
			);
			runOnlyForDeploymentPostprocessing = 0;
		};
/* End PBXFrameworksBuildPhase section */

/* Begin PBXGroup section */
		278D66AAB1E0F7D268920919 /* Pods */ = {
			isa = PBXGroup;
			children = (
				F6266934C20B4EBC4BA9DC12 /* Pods-FirestoreDemo.debug.xcconfig */,
				D56697AE79ED7C165014B2D0 /* Pods-FirestoreDemo.release.xcconfig */,
			);
			path = Pods;
			sourceTree = "<group>";
		};
		D3A8D709292A8036008262C7 = {
			isa = PBXGroup;
			children = (
				D3A8D714292A8036008262C7 /* FirestoreDemo */,
				D3A8D713292A8036008262C7 /* Products */,
				278D66AAB1E0F7D268920919 /* Pods */,
				E400C5484642D4AA2555C71E /* Frameworks */,
			);
			sourceTree = "<group>";
		};
		D3A8D713292A8036008262C7 /* Products */ = {
			isa = PBXGroup;
			children = (
				D3A8D712292A8036008262C7 /* FirestoreDemo.app */,
			);
			name = Products;
			sourceTree = "<group>";
		};
		D3A8D714292A8036008262C7 /* FirestoreDemo */ = {
			isa = PBXGroup;
			children = (
				D3A8D715292A8036008262C7 /* AppDelegate.swift */,
				D3A8D717292A8036008262C7 /* SceneDelegate.swift */,
				D3A8D719292A8036008262C7 /* ViewController.swift */,
				D3A8D71B292A8036008262C7 /* Main.storyboard */,
				D3A8D71E292A803C008262C7 /* Assets.xcassets */,
				D3A8D720292A803C008262C7 /* LaunchScreen.storyboard */,
				D3A8D723292A803C008262C7 /* Info.plist */,
				D3B99D38292A8791007BA0FD /* GoogleService-Info.plist */,
			);
			path = FirestoreDemo;
			sourceTree = "<group>";
		};
		E400C5484642D4AA2555C71E /* Frameworks */ = {
			isa = PBXGroup;
			children = (
				082D47A8C7C387885F6CD71C /* Pods_FirestoreDemo.framework */,
			);
			name = Frameworks;
			sourceTree = "<group>";
		};
/* End PBXGroup section */

/* Begin PBXNativeTarget section */
		D3A8D711292A8036008262C7 /* FirestoreDemo */ = {
			isa = PBXNativeTarget;
			buildConfigurationList = D3A8D726292A803C008262C7 /* Build configuration list for PBXNativeTarget "FirestoreDemo" */;
			buildPhases = (
				E65761AA09E7CFD512FC1EC0 /* [CP] Check Pods Manifest.lock */,
				D3A8D70E292A8036008262C7 /* Sources */,
				D3A8D70F292A8036008262C7 /* Frameworks */,
				D3A8D710292A8036008262C7 /* Resources */,
			);
			buildRules = (
			);
			dependencies = (
			);
			name = FirestoreDemo;
			packageProductDependencies = (
				D3B99D3B292A953E007BA0FD /* FirebaseFirestore */,
				D3B99D3D292A953E007BA0FD /* FirebaseFirestoreCombine-Community */,
				D3B99D3F292A953E007BA0FD /* FirebaseFirestoreSwift */,
			);
			productName = FirestoreDemo;
			productReference = D3A8D712292A8036008262C7 /* FirestoreDemo.app */;
			productType = "com.apple.product-type.application";
		};
/* End PBXNativeTarget section */

/* Begin PBXProject section */
		D3A8D70A292A8036008262C7 /* Project object */ = {
			isa = PBXProject;
			attributes = {
				BuildIndependentTargetsInParallel = 1;
				LastSwiftUpdateCheck = 1410;
				LastUpgradeCheck = 1410;
				TargetAttributes = {
					D3A8D711292A8036008262C7 = {
						CreatedOnToolsVersion = 14.1;
					};
				};
			};
			buildConfigurationList = D3A8D70D292A8036008262C7 /* Build configuration list for PBXProject "FirestoreDemo" */;
			compatibilityVersion = "Xcode 14.0";
			developmentRegion = en;
			hasScannedForEncodings = 0;
			knownRegions = (
				en,
				Base,
			);
			mainGroup = D3A8D709292A8036008262C7;
			packageReferences = (
				D3B99D3A292A953D007BA0FD /* XCRemoteSwiftPackageReference "firebase-ios-sdk" */,
			);
			productRefGroup = D3A8D713292A8036008262C7 /* Products */;
			projectDirPath = "";
			projectRoot = "";
			targets = (
				D3A8D711292A8036008262C7 /* FirestoreDemo */,
			);
		};
/* End PBXProject section */

/* Begin PBXResourcesBuildPhase section */
		D3A8D710292A8036008262C7 /* Resources */ = {
			isa = PBXResourcesBuildPhase;
			buildActionMask = 2147483647;
			files = (
				D3A8D722292A803C008262C7 /* LaunchScreen.storyboard in Resources */,
				D3B99D39292A8791007BA0FD /* GoogleService-Info.plist in Resources */,
				D3A8D71F292A803C008262C7 /* Assets.xcassets in Resources */,
				D3A8D71D292A8036008262C7 /* Main.storyboard in Resources */,
			);
			runOnlyForDeploymentPostprocessing = 0;
		};
/* End PBXResourcesBuildPhase section */

/* Begin PBXShellScriptBuildPhase section */
		E65761AA09E7CFD512FC1EC0 /* [CP] Check Pods Manifest.lock */ = {
			isa = PBXShellScriptBuildPhase;
			buildActionMask = 2147483647;
			files = (
			);
			inputFileListPaths = (
			);
			inputPaths = (
				"${PODS_PODFILE_DIR_PATH}/Podfile.lock",
				"${PODS_ROOT}/Manifest.lock",
			);
			name = "[CP] Check Pods Manifest.lock";
			outputFileListPaths = (
			);
			outputPaths = (
				"$(DERIVED_FILE_DIR)/Pods-FirestoreDemo-checkManifestLockResult.txt",
			);
			runOnlyForDeploymentPostprocessing = 0;
			shellPath = /bin/sh;
			shellScript = "diff \"${PODS_PODFILE_DIR_PATH}/Podfile.lock\" \"${PODS_ROOT}/Manifest.lock\" > /dev/null\nif [ $? != 0 ] ; then\n    # print error to STDERR\n    echo \"error: The sandbox is not in sync with the Podfile.lock. Run 'pod install' or update your CocoaPods installation.\" >&2\n    exit 1\nfi\n# This output is used by Xcode 'outputs' to avoid re-running this script phase.\necho \"SUCCESS\" > \"${SCRIPT_OUTPUT_FILE_0}\"\n";
			showEnvVarsInLog = 0;
		};
/* End PBXShellScriptBuildPhase section */

/* Begin PBXSourcesBuildPhase section */
		D3A8D70E292A8036008262C7 /* Sources */ = {
			isa = PBXSourcesBuildPhase;
			buildActionMask = 2147483647;
			files = (
				D3A8D71A292A8036008262C7 /* ViewController.swift in Sources */,
				D3A8D716292A8036008262C7 /* AppDelegate.swift in Sources */,
				D3A8D718292A8036008262C7 /* SceneDelegate.swift in Sources */,
			);
			runOnlyForDeploymentPostprocessing = 0;
		};
/* End PBXSourcesBuildPhase section */

/* Begin PBXVariantGroup section */
		D3A8D71B292A8036008262C7 /* Main.storyboard */ = {
			isa = PBXVariantGroup;
			children = (
				D3A8D71C292A8036008262C7 /* Base */,
			);
			name = Main.storyboard;
			sourceTree = "<group>";
		};
		D3A8D720292A803C008262C7 /* LaunchScreen.storyboard */ = {
			isa = PBXVariantGroup;
			children = (
				D3A8D721292A803C008262C7 /* Base */,
			);
			name = LaunchScreen.storyboard;
			sourceTree = "<group>";
		};
/* End PBXVariantGroup section */

/* Begin XCBuildConfiguration section */
		D3A8D724292A803C008262C7 /* Debug */ = {
			isa = XCBuildConfiguration;
			buildSettings = {
				ALWAYS_SEARCH_USER_PATHS = NO;
				CLANG_ANALYZER_NONNULL = YES;
				CLANG_ANALYZER_NUMBER_OBJECT_CONVERSION = YES_AGGRESSIVE;
				CLANG_CXX_LANGUAGE_STANDARD = "gnu++20";
				CLANG_ENABLE_MODULES = YES;
				CLANG_ENABLE_OBJC_ARC = YES;
				CLANG_ENABLE_OBJC_WEAK = YES;
				CLANG_WARN_BLOCK_CAPTURE_AUTORELEASING = YES;
				CLANG_WARN_BOOL_CONVERSION = YES;
				CLANG_WARN_COMMA = YES;
				CLANG_WARN_CONSTANT_CONVERSION = YES;
				CLANG_WARN_DEPRECATED_OBJC_IMPLEMENTATIONS = YES;
				CLANG_WARN_DIRECT_OBJC_ISA_USAGE = YES_ERROR;
				CLANG_WARN_DOCUMENTATION_COMMENTS = YES;
				CLANG_WARN_EMPTY_BODY = YES;
				CLANG_WARN_ENUM_CONVERSION = YES;
				CLANG_WARN_INFINITE_RECURSION = YES;
				CLANG_WARN_INT_CONVERSION = YES;
				CLANG_WARN_NON_LITERAL_NULL_CONVERSION = YES;
				CLANG_WARN_OBJC_IMPLICIT_RETAIN_SELF = YES;
				CLANG_WARN_OBJC_LITERAL_CONVERSION = YES;
				CLANG_WARN_OBJC_ROOT_CLASS = YES_ERROR;
				CLANG_WARN_QUOTED_INCLUDE_IN_FRAMEWORK_HEADER = YES;
				CLANG_WARN_RANGE_LOOP_ANALYSIS = YES;
				CLANG_WARN_STRICT_PROTOTYPES = YES;
				CLANG_WARN_SUSPICIOUS_MOVE = YES;
				CLANG_WARN_UNGUARDED_AVAILABILITY = YES_AGGRESSIVE;
				CLANG_WARN_UNREACHABLE_CODE = YES;
				CLANG_WARN__DUPLICATE_METHOD_MATCH = YES;
				COPY_PHASE_STRIP = NO;
				DEBUG_INFORMATION_FORMAT = dwarf;
				ENABLE_STRICT_OBJC_MSGSEND = YES;
				ENABLE_TESTABILITY = YES;
				GCC_C_LANGUAGE_STANDARD = gnu11;
				GCC_DYNAMIC_NO_PIC = NO;
				GCC_NO_COMMON_BLOCKS = YES;
				GCC_OPTIMIZATION_LEVEL = 0;
				GCC_PREPROCESSOR_DEFINITIONS = (
					"DEBUG=1",
					"$(inherited)",
				);
				GCC_WARN_64_TO_32_BIT_CONVERSION = YES;
				GCC_WARN_ABOUT_RETURN_TYPE = YES_ERROR;
				GCC_WARN_UNDECLARED_SELECTOR = YES;
				GCC_WARN_UNINITIALIZED_AUTOS = YES_AGGRESSIVE;
				GCC_WARN_UNUSED_FUNCTION = YES;
				GCC_WARN_UNUSED_VARIABLE = YES;
				IPHONEOS_DEPLOYMENT_TARGET = 16.1;
				MTL_ENABLE_DEBUG_INFO = INCLUDE_SOURCE;
				MTL_FAST_MATH = YES;
				ONLY_ACTIVE_ARCH = YES;
				SDKROOT = iphoneos;
				SWIFT_ACTIVE_COMPILATION_CONDITIONS = DEBUG;
				SWIFT_OPTIMIZATION_LEVEL = "-Onone";
			};
			name = Debug;
		};
		D3A8D725292A803C008262C7 /* Release */ = {
			isa = XCBuildConfiguration;
			buildSettings = {
				ALWAYS_SEARCH_USER_PATHS = NO;
				CLANG_ANALYZER_NONNULL = YES;
				CLANG_ANALYZER_NUMBER_OBJECT_CONVERSION = YES_AGGRESSIVE;
				CLANG_CXX_LANGUAGE_STANDARD = "gnu++20";
				CLANG_ENABLE_MODULES = YES;
				CLANG_ENABLE_OBJC_ARC = YES;
				CLANG_ENABLE_OBJC_WEAK = YES;
				CLANG_WARN_BLOCK_CAPTURE_AUTORELEASING = YES;
				CLANG_WARN_BOOL_CONVERSION = YES;
				CLANG_WARN_COMMA = YES;
				CLANG_WARN_CONSTANT_CONVERSION = YES;
				CLANG_WARN_DEPRECATED_OBJC_IMPLEMENTATIONS = YES;
				CLANG_WARN_DIRECT_OBJC_ISA_USAGE = YES_ERROR;
				CLANG_WARN_DOCUMENTATION_COMMENTS = YES;
				CLANG_WARN_EMPTY_BODY = YES;
				CLANG_WARN_ENUM_CONVERSION = YES;
				CLANG_WARN_INFINITE_RECURSION = YES;
				CLANG_WARN_INT_CONVERSION = YES;
				CLANG_WARN_NON_LITERAL_NULL_CONVERSION = YES;
				CLANG_WARN_OBJC_IMPLICIT_RETAIN_SELF = YES;
				CLANG_WARN_OBJC_LITERAL_CONVERSION = YES;
				CLANG_WARN_OBJC_ROOT_CLASS = YES_ERROR;
				CLANG_WARN_QUOTED_INCLUDE_IN_FRAMEWORK_HEADER = YES;
				CLANG_WARN_RANGE_LOOP_ANALYSIS = YES;
				CLANG_WARN_STRICT_PROTOTYPES = YES;
				CLANG_WARN_SUSPICIOUS_MOVE = YES;
				CLANG_WARN_UNGUARDED_AVAILABILITY = YES_AGGRESSIVE;
				CLANG_WARN_UNREACHABLE_CODE = YES;
				CLANG_WARN__DUPLICATE_METHOD_MATCH = YES;
				COPY_PHASE_STRIP = NO;
				DEBUG_INFORMATION_FORMAT = "dwarf-with-dsym";
				ENABLE_NS_ASSERTIONS = NO;
				ENABLE_STRICT_OBJC_MSGSEND = YES;
				GCC_C_LANGUAGE_STANDARD = gnu11;
				GCC_NO_COMMON_BLOCKS = YES;
				GCC_WARN_64_TO_32_BIT_CONVERSION = YES;
				GCC_WARN_ABOUT_RETURN_TYPE = YES_ERROR;
				GCC_WARN_UNDECLARED_SELECTOR = YES;
				GCC_WARN_UNINITIALIZED_AUTOS = YES_AGGRESSIVE;
				GCC_WARN_UNUSED_FUNCTION = YES;
				GCC_WARN_UNUSED_VARIABLE = YES;
				IPHONEOS_DEPLOYMENT_TARGET = 16.1;
				MTL_ENABLE_DEBUG_INFO = NO;
				MTL_FAST_MATH = YES;
				SDKROOT = iphoneos;
				SWIFT_COMPILATION_MODE = wholemodule;
				SWIFT_OPTIMIZATION_LEVEL = "-O";
				VALIDATE_PRODUCT = YES;
			};
			name = Release;
		};
		D3A8D727292A803C008262C7 /* Debug */ = {
			isa = XCBuildConfiguration;
			baseConfigurationReference = F6266934C20B4EBC4BA9DC12 /* Pods-FirestoreDemo.debug.xcconfig */;
			buildSettings = {
				ASSETCATALOG_COMPILER_APPICON_NAME = AppIcon;
				ASSETCATALOG_COMPILER_GLOBAL_ACCENT_COLOR_NAME = AccentColor;
				CODE_SIGN_STYLE = Automatic;
				CURRENT_PROJECT_VERSION = 1;
				DEVELOPMENT_TEAM = 8QURT44925;
				GENERATE_INFOPLIST_FILE = YES;
				INFOPLIST_FILE = FirestoreDemo/Info.plist;
				INFOPLIST_KEY_UIApplicationSupportsIndirectInputEvents = YES;
				INFOPLIST_KEY_UILaunchStoryboardName = LaunchScreen;
				INFOPLIST_KEY_UIMainStoryboardFile = Main;
				INFOPLIST_KEY_UISupportedInterfaceOrientations_iPad = "UIInterfaceOrientationPortrait UIInterfaceOrientationPortraitUpsideDown UIInterfaceOrientationLandscapeLeft UIInterfaceOrientationLandscapeRight";
				INFOPLIST_KEY_UISupportedInterfaceOrientations_iPhone = "UIInterfaceOrientationPortrait UIInterfaceOrientationLandscapeLeft UIInterfaceOrientationLandscapeRight";
				LD_RUNPATH_SEARCH_PATHS = (
					"$(inherited)",
					"@executable_path/Frameworks",
				);
				MARKETING_VERSION = 1.0;
				PRODUCT_BUNDLE_IDENTIFIER = gaurav.FirestoreDemo;
				PRODUCT_NAME = "$(TARGET_NAME)";
				SWIFT_EMIT_LOC_STRINGS = YES;
				SWIFT_VERSION = 5.0;
				TARGETED_DEVICE_FAMILY = "1,2";
			};
			name = Debug;
		};
		D3A8D728292A803C008262C7 /* Release */ = {
			isa = XCBuildConfiguration;
			baseConfigurationReference = D56697AE79ED7C165014B2D0 /* Pods-FirestoreDemo.release.xcconfig */;
			buildSettings = {
				ASSETCATALOG_COMPILER_APPICON_NAME = AppIcon;
				ASSETCATALOG_COMPILER_GLOBAL_ACCENT_COLOR_NAME = AccentColor;
				CODE_SIGN_STYLE = Automatic;
				CURRENT_PROJECT_VERSION = 1;
				DEVELOPMENT_TEAM = 8QURT44925;
				GENERATE_INFOPLIST_FILE = YES;
				INFOPLIST_FILE = FirestoreDemo/Info.plist;
				INFOPLIST_KEY_UIApplicationSupportsIndirectInputEvents = YES;
				INFOPLIST_KEY_UILaunchStoryboardName = LaunchScreen;
				INFOPLIST_KEY_UIMainStoryboardFile = Main;
				INFOPLIST_KEY_UISupportedInterfaceOrientations_iPad = "UIInterfaceOrientationPortrait UIInterfaceOrientationPortraitUpsideDown UIInterfaceOrientationLandscapeLeft UIInterfaceOrientationLandscapeRight";
				INFOPLIST_KEY_UISupportedInterfaceOrientations_iPhone = "UIInterfaceOrientationPortrait UIInterfaceOrientationLandscapeLeft UIInterfaceOrientationLandscapeRight";
				LD_RUNPATH_SEARCH_PATHS = (
					"$(inherited)",
					"@executable_path/Frameworks",
				);
				MARKETING_VERSION = 1.0;
				PRODUCT_BUNDLE_IDENTIFIER = gaurav.FirestoreDemo;
				PRODUCT_NAME = "$(TARGET_NAME)";
				SWIFT_EMIT_LOC_STRINGS = YES;
				SWIFT_VERSION = 5.0;
				TARGETED_DEVICE_FAMILY = "1,2";
			};
			name = Release;
		};
/* End XCBuildConfiguration section */

/* Begin XCConfigurationList section */
		D3A8D70D292A8036008262C7 /* Build configuration list for PBXProject "FirestoreDemo" */ = {
			isa = XCConfigurationList;
			buildConfigurations = (
				D3A8D724292A803C008262C7 /* Debug */,
				D3A8D725292A803C008262C7 /* Release */,
			);
			defaultConfigurationIsVisible = 0;
			defaultConfigurationName = Release;
		};
		D3A8D726292A803C008262C7 /* Build configuration list for PBXNativeTarget "FirestoreDemo" */ = {
			isa = XCConfigurationList;
			buildConfigurations = (
				D3A8D727292A803C008262C7 /* Debug */,
				D3A8D728292A803C008262C7 /* Release */,
			);
			defaultConfigurationIsVisible = 0;
			defaultConfigurationName = Release;
		};
/* End XCConfigurationList section */

/* Begin XCRemoteSwiftPackageReference section */
		D3B99D3A292A953D007BA0FD /* XCRemoteSwiftPackageReference "firebase-ios-sdk" */ = {
			isa = XCRemoteSwiftPackageReference;
			repositoryURL = "https://github.com/firebase/firebase-ios-sdk";
			requirement = {
				branch = master;
				kind = branch;
			};
		};
/* End XCRemoteSwiftPackageReference section */

/* Begin XCSwiftPackageProductDependency section */
		D3B99D3B292A953E007BA0FD /* FirebaseFirestore */ = {
			isa = XCSwiftPackageProductDependency;
			package = D3B99D3A292A953D007BA0FD /* XCRemoteSwiftPackageReference "firebase-ios-sdk" */;
			productName = FirebaseFirestore;
		};
		D3B99D3D292A953E007BA0FD /* FirebaseFirestoreCombine-Community */ = {
			isa = XCSwiftPackageProductDependency;
			package = D3B99D3A292A953D007BA0FD /* XCRemoteSwiftPackageReference "firebase-ios-sdk" */;
			productName = "FirebaseFirestoreCombine-Community";
		};
		D3B99D3F292A953E007BA0FD /* FirebaseFirestoreSwift */ = {
			isa = XCSwiftPackageProductDependency;
			package = D3B99D3A292A953D007BA0FD /* XCRemoteSwiftPackageReference "firebase-ios-sdk" */;
			productName = FirebaseFirestoreSwift;
		};
/* End XCSwiftPackageProductDependency section */
	};
	rootObject = D3A8D70A292A8036008262C7 /* Project object */;
}
